
Microsoft Visual Studio Solution File, Format Version 12.00
# Visual Studio Version 17
VisualStudioVersion = 17.3.32929.385
MinimumVisualStudioVersion = 10.0.40219.1
Project("{FAE04EC0-301F-11D3-BF4B-00C04F79EFBC}") = "BookMaster", "BookMaster\BookMaster.csproj", "{437C64EA-A3D4-44B7-908C-B0518104CEE1}"
EndProject
Global
	GlobalSection(SolutionConfigurationPlatforms) = preSolution
		Debug|Any CPU = Debug|Any CPU
		Release|Any CPU = Release|Any CPU
	EndGlobalSection
	GlobalSection(ProjectConfigurationPlatforms) = postSolution
		{437C64EA-A3D4-44B7-908C-B0518104CEE1}.Debug|Any CPU.ActiveCfg = Debug|Any CPU
		{437C64EA-A3D4-44B7-908C-B0518104CEE1}.Debug|Any CPU.Build.0 = Debug|Any CPU
		{437C64EA-A3D4-44B7-908C-B0518104CEE1}.Release|Any CPU.ActiveCfg = Release|Any CPU
		{437C64EA-A3D4-44B7-908C-B0518104CEE1}.Release|Any CPU.Build.0 = Release|Any CPU
	EndGlobalSection
	GlobalSection(SolutionProperties) = preSolution
		HideSolutionNode = FALSE
	EndGlobalSection
	GlobalSection(ExtensibilityGlobals) = postSolution
		SolutionGuid = {ECAF18F1-D385-4D13-A1BB-86F49935DCF3}
	EndGlobalSection
EndGlobal
